
Microsoft Visual Studio Solution File, Format Version 12.00
# Visual Studio Version 17
VisualStudioVersion = 17.11.35312.102
MinimumVisualStudioVersion = 10.0.40219.1
Project("{9A19103F-16F7-4668-BE54-9A1E7A4F7556}") = "Jerro.Android.Media3.DataSource.OkHttp", "Jerro.Android.Media3.DataSource.OkHttp\Jerro.Android.Media3.DataSource.OkHttp.csproj", "{5AD01D3A-45D3-4472-92D4-FDE5C8197962}"
EndProject
Project("{2150E333-8FDC-42A3-9474-1A3956D46DE8}") = "Solution Items", "Solution Items", "{592A5953-AE1B-4CD7-AB9B-7CEE089B80A7}"
	ProjectSection(SolutionItems) = preProject
		.editorconfig = .editorconfig
		.gitattributes = .gitattributes
		.gitignore = .gitignore
		Directory.Build.props = Directory.Build.props
		.github\workflows\nuget.yml = .github\workflows\nuget.yml
		README.md = README.md
	EndProjectSection
EndProject
Global
	GlobalSection(SolutionConfigurationPlatforms) = preSolution
		Debug|Any CPU = Debug|Any CPU
		Release|Any CPU = Release|Any CPU
	EndGlobalSection
	GlobalSection(ProjectConfigurationPlatforms) = postSolution
		{5AD01D3A-45D3-4472-92D4-FDE5C8197962}.Debug|Any CPU.ActiveCfg = Debug|Any CPU
		{5AD01D3A-45D3-4472-92D4-FDE5C8197962}.Debug|Any CPU.Build.0 = Debug|Any CPU
		{5AD01D3A-45D3-4472-92D4-FDE5C8197962}.Release|Any CPU.ActiveCfg = Release|Any CPU
		{5AD01D3A-45D3-4472-92D4-FDE5C8197962}.Release|Any CPU.Build.0 = Release|Any CPU
	EndGlobalSection
	GlobalSection(SolutionProperties) = preSolution
		HideSolutionNode = FALSE
	EndGlobalSection
	GlobalSection(ExtensibilityGlobals) = postSolution
		SolutionGuid = {F23B1596-BA74-45B3-9D5A-8184A5A8E43E}
	EndGlobalSection
EndGlobal
